Microsoft Visual Studio Solution File, Format Version 12.00
# Visual Studio Version 17
VisualStudioVersion = 17.5.2.0
MinimumVisualStudioVersion = 10.0.40219.1
Project("{2150E333-8FDC-42A3-9474-1A3956D46DE8}") = "backend", "backend", "{1AE8ACA6-933B-BF2A-3671-3E2EAC007D16}"
EndProject
Project("{2150E333-8FDC-42A3-9474-1A3956D46DE8}") = "Shared", "Shared", "{B9B6650B-7025-C9C0-BCFD-BDEDF1640D80}"
EndProject
Project("{2150E333-8FDC-42A3-9474-1A3956D46DE8}") = "Shared.Kernel", "Shared.Kernel", "{9E5189E5-36E3-FD2B-25DD-0523C359A4C7}"
EndProject
Project("{FAE04EC0-301F-11D3-BF4B-00C04F79EFBC}") = "FrogEdu.Shared.Kernel", "backend\Shared\Shared.Kernel\FrogEdu.Shared.Kernel.csproj", "{3A7F82BB-52EF-23C1-9043-203C8AF07D2A}"
EndProject
Project("{2150E333-8FDC-42A3-9474-1A3956D46DE8}") = "Services", "Services", "{3C755975-A7BD-44BC-C8F9-5B13F14529BF}"
EndProject
Project("{2150E333-8FDC-42A3-9474-1A3956D46DE8}") = "AI", "AI", "{FEBCBEEA-C554-1AF5-2A51-D40D7B99FD04}"
EndProject
Project("{2150E333-8FDC-42A3-9474-1A3956D46DE8}") = "AI.API", "AI.API", "{C29FD6C6-2198-504E-C2FC-32ED0990E9AE}"
EndProject
Project("{FAE04EC0-301F-11D3-BF4B-00C04F79EFBC}") = "FrogEdu.AI.API", "backend\Services\AI\AI.API\FrogEdu.AI.API.csproj", "{C66FE28D-F77D-1C9E-6B7C-A6467FC77E60}"
EndProject
Project("{2150E333-8FDC-42A3-9474-1A3956D46DE8}") = "AI.Application", "AI.Application", "{C2E70C79-F9A8-E17D-57B3-6BAF5FF59F36}"
EndProject
Project("{FAE04EC0-301F-11D3-BF4B-00C04F79EFBC}") = "FrogEdu.AI.Application", "backend\Services\AI\AI.Application\FrogEdu.AI.Application.csproj", "{F0A0C5DD-1AC0-9C3D-E8EC-E2BB84A0BFE6}"
EndProject
Project("{2150E333-8FDC-42A3-9474-1A3956D46DE8}") = "AI.Domain", "AI.Domain", "{0C1F4EEF-8BB4-7591-D421-C130F8C32554}"
EndProject
Project("{FAE04EC0-301F-11D3-BF4B-00C04F79EFBC}") = "FrogEdu.AI.Domain", "backend\Services\AI\AI.Domain\FrogEdu.AI.Domain.csproj", "{C73DCB6F-4BFF-272F-E26F-FDBBF0E3B460}"
EndProject
Project("{2150E333-8FDC-42A3-9474-1A3956D46DE8}") = "AI.Infrastructure", "AI.Infrastructure", "{68476D3A-8AD2-CE5B-21DF-1C8B5B7686FC}"
EndProject
Project("{FAE04EC0-301F-11D3-BF4B-00C04F79EFBC}") = "FrogEdu.AI.Infrastructure", "backend\Services\AI\AI.Infrastructure\FrogEdu.AI.Infrastructure.csproj", "{88A8E091-2FDA-8903-042E-F41460C87779}"
EndProject
Project("{2150E333-8FDC-42A3-9474-1A3956D46DE8}") = "Assessment", "Assessment", "{4DB377EF-5C7E-D63C-FCB0-124124F5D09C}"
EndProject
Project("{2150E333-8FDC-42A3-9474-1A3956D46DE8}") = "Assessment.API", "Assessment.API", "{1A209822-79E0-6187-4847-31AA7B644E3A}"
EndProject
Project("{FAE04EC0-301F-11D3-BF4B-00C04F79EFBC}") = "FrogEdu.Assessment.API", "backend\Services\Assessment\Assessment.API\FrogEdu.Assessment.API.csproj", "{35F849F4-DF61-D03D-055D-710CCF62A11E}"
EndProject
Project("{2150E333-8FDC-42A3-9474-1A3956D46DE8}") = "Assessment.Application", "Assessment.Application", "{EB037791-07EC-0692-BFB3-7809478DAB8E}"
EndProject
Project("{FAE04EC0-301F-11D3-BF4B-00C04F79EFBC}") = "FrogEdu.Assessment.Application", "backend\Services\Assessment\Assessment.Application\FrogEdu.Assessment.Application.csproj", "{F99F5CE6-3609-95A2-9002-D32E51AA5CD2}"
EndProject
Project("{2150E333-8FDC-42A3-9474-1A3956D46DE8}") = "Assessment.Domain", "Assessment.Domain", "{BDAF9D90-A773-6E44-5E3E-56C3FA7B99BD}"
EndProject
Project("{FAE04EC0-301F-11D3-BF4B-00C04F79EFBC}") = "FrogEdu.Assessment.Domain", "backend\Services\Assessment\Assessment.Domain\FrogEdu.Assessment.Domain.csproj", "{2CE8F5B7-6045-E72D-2E36-ECFDA76F070D}"
EndProject
Project("{2150E333-8FDC-42A3-9474-1A3956D46DE8}") = "Assessment.Infrastructure", "Assessment.Infrastructure", "{A8FAF380-7EC4-11E3-F9F2-E783DF65E2CF}"
EndProject
Project("{FAE04EC0-301F-11D3-BF4B-00C04F79EFBC}") = "FrogEdu.Assessment.Infrastructure", "backend\Services\Assessment\Assessment.Infrastructure\FrogEdu.Assessment.Infrastructure.csproj", "{6B25E111-C4DD-F263-1DEE-6573E6071D1C}"
EndProject
Project("{2150E333-8FDC-42A3-9474-1A3956D46DE8}") = "Content", "Content", "{5C35B60B-D621-126B-922D-287297197189}"
EndProject
Project("{2150E333-8FDC-42A3-9474-1A3956D46DE8}") = "Content.API", "Content.API", "{921DBC0D-20AC-F83E-81DF-F0C74E3017F1}"
EndProject
Project("{FAE04EC0-301F-11D3-BF4B-00C04F79EFBC}") = "FrogEdu.Content.API", "backend\Services\Content\Content.API\FrogEdu.Content.API.csproj", "{D08DE70B-E251-9945-4D0B-9E25321D78E2}"
EndProject
Project("{2150E333-8FDC-42A3-9474-1A3956D46DE8}") = "Content.Application", "Content.Application", "{7DC150BD-77BE-368C-8571-7C674D9E74C2}"
EndProject
Project("{FAE04EC0-301F-11D3-BF4B-00C04F79EFBC}") = "FrogEdu.Content.Application", "backend\Services\Content\Content.Application\FrogEdu.Content.Application.csproj", "{4EB9C2AD-2B36-B404-B2A9-18CA72525EBC}"
EndProject
Project("{2150E333-8FDC-42A3-9474-1A3956D46DE8}") = "Content.Domain", "Content.Domain", "{D26B69CD-EE7C-17E5-A8E3-A622330BC428}"
EndProject
Project("{FAE04EC0-301F-11D3-BF4B-00C04F79EFBC}") = "FrogEdu.Content.Domain", "backend\Services\Content\Content.Domain\FrogEdu.Content.Domain.csproj", "{9A151112-A7BC-3AD5-FAE4-0C5B96D96F4D}"
EndProject
Project("{2150E333-8FDC-42A3-9474-1A3956D46DE8}") = "Content.Infrastructure", "Content.Infrastructure", "{15FA8EFA-A0D7-7D69-E0A8-B319E034A14A}"
EndProject
Project("{FAE04EC0-301F-11D3-BF4B-00C04F79EFBC}") = "FrogEdu.Content.Infrastructure", "backend\Services\Content\Content.Infrastructure\FrogEdu.Content.Infrastructure.csproj", "{B54A6271-C00E-9B76-C073-B73290C951F9}"
EndProject
Global
	GlobalSection(SolutionConfigurationPlatforms) = preSolution
		Debug|Any CPU = Debug|Any CPU
		Release|Any CPU = Release|Any CPU
	EndGlobalSection
	GlobalSection(ProjectConfigurationPlatforms) = postSolution
		{3A7F82BB-52EF-23C1-9043-203C8AF07D2A}.Debug|Any CPU.ActiveCfg = Debug|Any CPU
		{3A7F82BB-52EF-23C1-9043-203C8AF07D2A}.Debug|Any CPU.Build.0 = Debug|Any CPU
		{3A7F82BB-52EF-23C1-9043-203C8AF07D2A}.Release|Any CPU.ActiveCfg = Release|Any CPU
		{3A7F82BB-52EF-23C1-9043-203C8AF07D2A}.Release|Any CPU.Build.0 = Release|Any CPU
		{C66FE28D-F77D-1C9E-6B7C-A6467FC77E60}.Debug|Any CPU.ActiveCfg = Debug|Any CPU
		{C66FE28D-F77D-1C9E-6B7C-A6467FC77E60}.Debug|Any CPU.Build.0 = Debug|Any CPU
		{C66FE28D-F77D-1C9E-6B7C-A6467FC77E60}.Release|Any CPU.ActiveCfg = Release|Any CPU
		{C66FE28D-F77D-1C9E-6B7C-A6467FC77E60}.Release|Any CPU.Build.0 = Release|Any CPU
		{F0A0C5DD-1AC0-9C3D-E8EC-E2BB84A0BFE6}.Debug|Any CPU.ActiveCfg = Debug|Any CPU
		{F0A0C5DD-1AC0-9C3D-E8EC-E2BB84A0BFE6}.Debug|Any CPU.Build.0 = Debug|Any CPU
		{F0A0C5DD-1AC0-9C3D-E8EC-E2BB84A0BFE6}.Release|Any CPU.ActiveCfg = Release|Any CPU
		{F0A0C5DD-1AC0-9C3D-E8EC-E2BB84A0BFE6}.Release|Any CPU.Build.0 = Release|Any CPU
		{C73DCB6F-4BFF-272F-E26F-FDBBF0E3B460}.Debug|Any CPU.ActiveCfg = Debug|Any CPU
		{C73DCB6F-4BFF-272F-E26F-FDBBF0E3B460}.Debug|Any CPU.Build.0 = Debug|Any CPU
		{C73DCB6F-4BFF-272F-E26F-FDBBF0E3B460}.Release|Any CPU.ActiveCfg = Release|Any CPU
		{C73DCB6F-4BFF-272F-E26F-FDBBF0E3B460}.Release|Any CPU.Build.0 = Release|Any CPU
		{88A8E091-2FDA-8903-042E-F41460C87779}.Debug|Any CPU.ActiveCfg = Debug|Any CPU
		{88A8E091-2FDA-8903-042E-F41460C87779}.Debug|Any CPU.Build.0 = Debug|Any CPU
		{88A8E091-2FDA-8903-042E-F41460C87779}.Release|Any CPU.ActiveCfg = Release|Any CPU
		{88A8E091-2FDA-8903-042E-F41460C87779}.Release|Any CPU.Build.0 = Release|Any CPU
		{35F849F4-DF61-D03D-055D-710CCF62A11E}.Debug|Any CPU.ActiveCfg = Debug|Any CPU
		{35F849F4-DF61-D03D-055D-710CCF62A11E}.Debug|Any CPU.Build.0 = Debug|Any CPU
		{35F849F4-DF61-D03D-055D-710CCF62A11E}.Release|Any CPU.ActiveCfg = Release|Any CPU
		{35F849F4-DF61-D03D-055D-710CCF62A11E}.Release|Any CPU.Build.0 = Release|Any CPU
		{F99F5CE6-3609-95A2-9002-D32E51AA5CD2}.Debug|Any CPU.ActiveCfg = Debug|Any CPU
		{F99F5CE6-3609-95A2-9002-D32E51AA5CD2}.Debug|Any CPU.Build.0 = Debug|Any CPU
		{F99F5CE6-3609-95A2-9002-D32E51AA5CD2}.Release|Any CPU.ActiveCfg = Release|Any CPU
		{F99F5CE6-3609-95A2-9002-D32E51AA5CD2}.Release|Any CPU.Build.0 = Release|Any CPU
		{2CE8F5B7-6045-E72D-2E36-ECFDA76F070D}.Debug|Any CPU.ActiveCfg = Debug|Any CPU
		{2CE8F5B7-6045-E72D-2E36-ECFDA76F070D}.Debug|Any CPU.Build.0 = Debug|Any CPU
		{2CE8F5B7-6045-E72D-2E36-ECFDA76F070D}.Release|Any CPU.ActiveCfg = Release|Any CPU
		{2CE8F5B7-6045-E72D-2E36-ECFDA76F070D}.Release|Any CPU.Build.0 = Release|Any CPU
		{6B25E111-C4DD-F263-1DEE-6573E6071D1C}.Debug|Any CPU.ActiveCfg = Debug|Any CPU
		{6B25E111-C4DD-F263-1DEE-6573E6071D1C}.Debug|Any CPU.Build.0 = Debug|Any CPU
		{6B25E111-C4DD-F263-1DEE-6573E6071D1C}.Release|Any CPU.ActiveCfg = Release|Any CPU
		{6B25E111-C4DD-F263-1DEE-6573E6071D1C}.Release|Any CPU.Build.0 = Release|Any CPU
		{D08DE70B-E251-9945-4D0B-9E25321D78E2}.Debug|Any CPU.ActiveCfg = Debug|Any CPU
		{D08DE70B-E251-9945-4D0B-9E25321D78E2}.Debug|Any CPU.Build.0 = Debug|Any CPU
		{D08DE70B-E251-9945-4D0B-9E25321D78E2}.Release|Any CPU.ActiveCfg = Release|Any CPU
		{D08DE70B-E251-9945-4D0B-9E25321D78E2}.Release|Any CPU.Build.0 = Release|Any CPU
		{4EB9C2AD-2B36-B404-B2A9-18CA72525EBC}.Debug|Any CPU.ActiveCfg = Debug|Any CPU
		{4EB9C2AD-2B36-B404-B2A9-18CA72525EBC}.Debug|Any CPU.Build.0 = Debug|Any CPU
		{4EB9C2AD-2B36-B404-B2A9-18CA72525EBC}.Release|Any CPU.ActiveCfg = Release|Any CPU
		{4EB9C2AD-2B36-B404-B2A9-18CA72525EBC}.Release|Any CPU.Build.0 = Release|Any CPU
		{9A151112-A7BC-3AD5-FAE4-0C5B96D96F4D}.Debug|Any CPU.ActiveCfg = Debug|Any CPU
		{9A151112-A7BC-3AD5-FAE4-0C5B96D96F4D}.Debug|Any CPU.Build.0 = Debug|Any CPU
		{9A151112-A7BC-3AD5-FAE4-0C5B96D96F4D}.Release|Any CPU.ActiveCfg = Release|Any CPU
		{9A151112-A7BC-3AD5-FAE4-0C5B96D96F4D}.Release|Any CPU.Build.0 = Release|Any CPU
		{B54A6271-C00E-9B76-C073-B73290C951F9}.Debug|Any CPU.ActiveCfg = Debug|Any CPU
		{B54A6271-C00E-9B76-C073-B73290C951F9}.Debug|Any CPU.Build.0 = Debug|Any CPU
		{B54A6271-C00E-9B76-C073-B73290C951F9}.Release|Any CPU.ActiveCfg = Release|Any CPU
		{B54A6271-C00E-9B76-C073-B73290C951F9}.Release|Any CPU.Build.0 = Release|Any CPU
	EndGlobalSection
	GlobalSection(SolutionProperties) = preSolution
		HideSolutionNode = FALSE
	EndGlobalSection
	GlobalSection(NestedProjects) = preSolution
		{B9B6650B-7025-C9C0-BCFD-BDEDF1640D80} = {1AE8ACA6-933B-BF2A-3671-3E2EAC007D16}
		{9E5189E5-36E3-FD2B-25DD-0523C359A4C7} = {B9B6650B-7025-C9C0-BCFD-BDEDF1640D80}
		{3A7F82BB-52EF-23C1-9043-203C8AF07D2A} = {9E5189E5-36E3-FD2B-25DD-0523C359A4C7}
		{3C755975-A7BD-44BC-C8F9-5B13F14529BF} = {1AE8ACA6-933B-BF2A-3671-3E2EAC007D16}
		{FEBCBEEA-C554-1AF5-2A51-D40D7B99FD04} = {3C755975-A7BD-44BC-C8F9-5B13F14529BF}
		{C29FD6C6-2198-504E-C2FC-32ED0990E9AE} = {FEBCBEEA-C554-1AF5-2A51-D40D7B99FD04}
		{C66FE28D-F77D-1C9E-6B7C-A6467FC77E60} = {C29FD6C6-2198-504E-C2FC-32ED0990E9AE}
		{C2E70C79-F9A8-E17D-57B3-6BAF5FF59F36} = {FEBCBEEA-C554-1AF5-2A51-D40D7B99FD04}
		{F0A0C5DD-1AC0-9C3D-E8EC-E2BB84A0BFE6} = {C2E70C79-F9A8-E17D-57B3-6BAF5FF59F36}
		{0C1F4EEF-8BB4-7591-D421-C130F8C32554} = {FEBCBEEA-C554-1AF5-2A51-D40D7B99FD04}
		{C73DCB6F-4BFF-272F-E26F-FDBBF0E3B460} = {0C1F4EEF-8BB4-7591-D421-C130F8C32554}
		{68476D3A-8AD2-CE5B-21DF-1C8B5B7686FC} = {FEBCBEEA-C554-1AF5-2A51-D40D7B99FD04}
		{88A8E091-2FDA-8903-042E-F41460C87779} = {68476D3A-8AD2-CE5B-21DF-1C8B5B7686FC}
		{4DB377EF-5C7E-D63C-FCB0-124124F5D09C} = {3C755975-A7BD-44BC-C8F9-5B13F14529BF}
		{1A209822-79E0-6187-4847-31AA7B644E3A} = {4DB377EF-5C7E-D63C-FCB0-124124F5D09C}
		{35F849F4-DF61-D03D-055D-710CCF62A11E} = {1A209822-79E0-6187-4847-31AA7B644E3A}
		{EB037791-07EC-0692-BFB3-7809478DAB8E} = {4DB377EF-5C7E-D63C-FCB0-124124F5D09C}
		{F99F5CE6-3609-95A2-9002-D32E51AA5CD2} = {EB037791-07EC-0692-BFB3-7809478DAB8E}
		{BDAF9D90-A773-6E44-5E3E-56C3FA7B99BD} = {4DB377EF-5C7E-D63C-FCB0-124124F5D09C}
		{2CE8F5B7-6045-E72D-2E36-ECFDA76F070D} = {BDAF9D90-A773-6E44-5E3E-56C3FA7B99BD}
		{A8FAF380-7EC4-11E3-F9F2-E783DF65E2CF} = {4DB377EF-5C7E-D63C-FCB0-124124F5D09C}
		{6B25E111-C4DD-F263-1DEE-6573E6071D1C} = {A8FAF380-7EC4-11E3-F9F2-E783DF65E2CF}
		{5C35B60B-D621-126B-922D-287297197189} = {3C755975-A7BD-44BC-C8F9-5B13F14529BF}
		{921DBC0D-20AC-F83E-81DF-F0C74E3017F1} = {5C35B60B-D621-126B-922D-287297197189}
		{D08DE70B-E251-9945-4D0B-9E25321D78E2} = {921DBC0D-20AC-F83E-81DF-F0C74E3017F1}
		{7DC150BD-77BE-368C-8571-7C674D9E74C2} = {5C35B60B-D621-126B-922D-287297197189}
		{4EB9C2AD-2B36-B404-B2A9-18CA72525EBC} = {7DC150BD-77BE-368C-8571-7C674D9E74C2}
		{D26B69CD-EE7C-17E5-A8E3-A622330BC428} = {5C35B60B-D621-126B-922D-287297197189}
		{9A151112-A7BC-3AD5-FAE4-0C5B96D96F4D} = {D26B69CD-EE7C-17E5-A8E3-A622330BC428}
		{15FA8EFA-A0D7-7D69-E0A8-B319E034A14A} = {5C35B60B-D621-126B-922D-287297197189}
		{B54A6271-C00E-9B76-C073-B73290C951F9} = {15FA8EFA-A0D7-7D69-E0A8-B319E034A14A}
	EndGlobalSection
	GlobalSection(ExtensibilityGlobals) = postSolution
		SolutionGuid = {0A9E9FB5-C03A-420C-87D3-249945BB05A7}
	EndGlobalSection
EndGlobal
